// !$*UTF8*$!
{
	archiveVersion = 1;
	classes = {
	};
	objectVersion = 56;
	objects = {

/* Begin PBXBuildFile section */
		3856517F29AE2891009C1CFB /* AppDelegate.swift in Sources */ = {isa = PBXBuildFile; fileRef = 3856517E29AE2891009C1CFB /* AppDelegate.swift */; };
		3856518129AE2891009C1CFB /* SceneDelegate.swift in Sources */ = {isa = PBXBuildFile; fileRef = 3856518029AE2891009C1CFB /* SceneDelegate.swift */; };
		3856518329AE2891009C1CFB /* ViewController.swift in Sources */ = {isa = PBXBuildFile; fileRef = 3856518229AE2891009C1CFB /* ViewController.swift */; };
		3856518629AE2891009C1CFB /* Main.storyboard in Resources */ = {isa = PBXBuildFile; fileRef = 3856518429AE2891009C1CFB /* Main.storyboard */; };
		3856518829AE2892009C1CFB /* Assets.xcassets in Resources */ = {isa = PBXBuildFile; fileRef = 3856518729AE2892009C1CFB /* Assets.xcassets */; };
		3856518B29AE2892009C1CFB /* LaunchScreen.storyboard in Resources */ = {isa = PBXBuildFile; fileRef = 3856518929AE2892009C1CFB /* LaunchScreen.storyboard */; };
		3856519629AE2892009C1CFB /* SwiftStudyTests.swift in Sources */ = {isa = PBXBuildFile; fileRef = 3856519529AE2892009C1CFB /* SwiftStudyTests.swift */; };
		385651A029AE2892009C1CFB /* SwiftStudyUITests.swift in Sources */ = {isa = PBXBuildFile; fileRef = 3856519F29AE2892009C1CFB /* SwiftStudyUITests.swift */; };
		385651A229AE2892009C1CFB /* SwiftStudyUITestsLaunchTests.swift in Sources */ = {isa = PBXBuildFile; fileRef = 385651A129AE2892009C1CFB /* SwiftStudyUITestsLaunchTests.swift */; };
/* End PBXBuildFile section */

/* Begin PBXContainerItemProxy section */
		3856519229AE2892009C1CFB /* PBXContainerItemProxy */ = {
			isa = PBXContainerItemProxy;
			containerPortal = 3856517329AE2891009C1CFB /* Project object */;
			proxyType = 1;
			remoteGlobalIDString = 3856517A29AE2891009C1CFB;
			remoteInfo = SwiftStudy;
		};
		3856519C29AE2892009C1CFB /* PBXContainerItemProxy */ = {
			isa = PBXContainerItemProxy;
			containerPortal = 3856517329AE2891009C1CFB /* Project object */;
			proxyType = 1;
			remoteGlobalIDString = 3856517A29AE2891009C1CFB;
			remoteInfo = SwiftStudy;
		};
/* End PBXContainerItemProxy section */

/* Begin PBXFileReference section */
		3856517B29AE2891009C1CFB /* SwiftStudy.app */ = {isa = PBXFileReference; explicitFileType = wrapper.application; includeInIndex = 0; path = SwiftStudy.app; sourceTree = BUILT_PRODUCTS_DIR; };
		3856517E29AE2891009C1CFB /* AppDelegate.swift */ = {isa = PBXFileReference; lastKnownFileType = sourcecode.swift; path = AppDelegate.swift; sourceTree = "<group>"; };
		3856518029AE2891009C1CFB /* SceneDelegate.swift */ = {isa = PBXFileReference; lastKnownFileType = sourcecode.swift; path = SceneDelegate.swift; sourceTree = "<group>"; };
		3856518229AE2891009C1CFB /* ViewController.swift */ = {isa = PBXFileReference; lastKnownFileType = sourcecode.swift; path = ViewController.swift; sourceTree = "<group>"; };
		3856518529AE2891009C1CFB /* Base */ = {isa = PBXFileReference; lastKnownFileType = file.storyboard; name = Base; path = Base.lproj/Main.storyboard; sourceTree = "<group>"; };
		3856518729AE2892009C1CFB /* Assets.xcassets */ = {isa = PBXFileReference; lastKnownFileType = folder.assetcatalog; path = Assets.xcassets; sourceTree = "<group>"; };
		3856518A29AE2892009C1CFB /* Base */ = {isa = PBXFileReference; lastKnownFileType = file.storyboard; name = Base; path = Base.lproj/LaunchScreen.storyboard; sourceTree = "<group>"; };
		3856518C29AE2892009C1CFB /* Info.plist */ = {isa = PBXFileReference; lastKnownFileType = text.plist.xml; path = Info.plist; sourceTree = "<group>"; };
		3856519129AE2892009C1CFB /* SwiftStudyTests.xctest */ = {isa = PBXFileReference; explicitFileType = wrapper.cfbundle; includeInIndex = 0; path = SwiftStudyTests.xctest; sourceTree = BUILT_PRODUCTS_DIR; };
		3856519529AE2892009C1CFB /* SwiftStudyTests.swift */ = {isa = PBXFileReference; lastKnownFileType = sourcecode.swift; path = SwiftStudyTests.swift; sourceTree = "<group>"; };
		3856519B29AE2892009C1CFB /* SwiftStudyUITests.xctest */ = {isa = PBXFileReference; explicitFileType = wrapper.cfbundle; includeInIndex = 0; path = SwiftStudyUITests.xctest; sourceTree = BUILT_PRODUCTS_DIR; };
		3856519F29AE2892009C1CFB /* SwiftStudyUITests.swift */ = {isa = PBXFileReference; lastKnownFileType = sourcecode.swift; path = SwiftStudyUITests.swift; sourceTree = "<group>"; };
		385651A129AE2892009C1CFB /* SwiftStudyUITestsLaunchTests.swift */ = {isa = PBXFileReference; lastKnownFileType = sourcecode.swift; path = SwiftStudyUITestsLaunchTests.swift; sourceTree = "<group>"; };
/* End PBXFileReference section */

/* Begin PBXFrameworksBuildPhase section */
		3856517829AE2891009C1CFB /* Frameworks */ = {
			isa = PBXFrameworksBuildPhase;
			buildActionMask = 2147483647;
			files = (
			);
			runOnlyForDeploymentPostprocessing = 0;
		};
		3856518E29AE2892009C1CFB /* Frameworks */ = {
			isa = PBXFrameworksBuildPhase;
			buildActionMask = 2147483647;
			files = (
			);
			runOnlyForDeploymentPostprocessing = 0;
		};
		3856519829AE2892009C1CFB /* Frameworks */ = {
			isa = PBXFrameworksBuildPhase;
			buildActionMask = 2147483647;
			files = (
			);
			runOnlyForDeploymentPostprocessing = 0;
		};
/* End PBXFrameworksBuildPhase section */

/* Begin PBXGroup section */
		3856517229AE2891009C1CFB = {
			isa = PBXGroup;
			children = (
				3856517D29AE2891009C1CFB /* SwiftStudy */,
				3856519429AE2892009C1CFB /* SwiftStudyTests */,
				3856519E29AE2892009C1CFB /* SwiftStudyUITests */,
				3856517C29AE2891009C1CFB /* Products */,
			);
			sourceTree = "<group>";
		};
		3856517C29AE2891009C1CFB /* Products */ = {
			isa = PBXGroup;
			children = (
				3856517B29AE2891009C1CFB /* SwiftStudy.app */,
				3856519129AE2892009C1CFB /* SwiftStudyTests.xctest */,
				3856519B29AE2892009C1CFB /* SwiftStudyUITests.xctest */,
			);
			name = Products;
			sourceTree = "<group>";
		};
		3856517D29AE2891009C1CFB /* SwiftStudy */ = {
			isa = PBXGroup;
			children = (
				3856517E29AE2891009C1CFB /* AppDelegate.swift */,
				3856518029AE2891009C1CFB /* SceneDelegate.swift */,
				3856518229AE2891009C1CFB /* ViewController.swift */,
				3856518429AE2891009C1CFB /* Main.storyboard */,
				3856518729AE2892009C1CFB /* Assets.xcassets */,
				3856518929AE2892009C1CFB /* LaunchScreen.storyboard */,
				3856518C29AE2892009C1CFB /* Info.plist */,
			);
			path = SwiftStudy;
			sourceTree = "<group>";
		};
		3856519429AE2892009C1CFB /* SwiftStudyTests */ = {
			isa = PBXGroup;
			children = (
				3856519529AE2892009C1CFB /* SwiftStudyTests.swift */,
			);
			path = SwiftStudyTests;
			sourceTree = "<group>";
		};
		3856519E29AE2892009C1CFB /* SwiftStudyUITests */ = {
			isa = PBXGroup;
			children = (
				3856519F29AE2892009C1CFB /* SwiftStudyUITests.swift */,
				385651A129AE2892009C1CFB /* SwiftStudyUITestsLaunchTests.swift */,
			);
			path = SwiftStudyUITests;
			sourceTree = "<group>";
		};
/* End PBXGroup section */

/* Begin PBXNativeTarget section */
		3856517A29AE2891009C1CFB /* SwiftStudy */ = {
			isa = PBXNativeTarget;
			buildConfigurationList = 385651A529AE2892009C1CFB /* Build configuration list for PBXNativeTarget "SwiftStudy" */;
			buildPhases = (
				3856517729AE2891009C1CFB /* Sources */,
				3856517829AE2891009C1CFB /* Frameworks */,
				3856517929AE2891009C1CFB /* Resources */,
			);
			buildRules = (
			);
			dependencies = (
			);
			name = SwiftStudy;
			productName = SwiftStudy;
			productReference = 3856517B29AE2891009C1CFB /* SwiftStudy.app */;
			productType = "com.apple.product-type.application";
		};
		3856519029AE2892009C1CFB /* SwiftStudyTests */ = {
			isa = PBXNativeTarget;
			buildConfigurationList = 385651A829AE2892009C1CFB /* Build configuration list for PBXNativeTarget "SwiftStudyTests" */;
			buildPhases = (
				3856518D29AE2892009C1CFB /* Sources */,
				3856518E29AE2892009C1CFB /* Frameworks */,
				3856518F29AE2892009C1CFB /* Resources */,
			);
			buildRules = (
			);
			dependencies = (
				3856519329AE2892009C1CFB /* PBXTargetDependency */,
			);
			name = SwiftStudyTests;
			productName = SwiftStudyTests;
			productReference = 3856519129AE2892009C1CFB /* SwiftStudyTests.xctest */;
			productType = "com.apple.product-type.bundle.unit-test";
		};
		3856519A29AE2892009C1CFB /* SwiftStudyUITests */ = {
			isa = PBXNativeTarget;
			buildConfigurationList = 385651AB29AE2892009C1CFB /* Build configuration list for PBXNativeTarget "SwiftStudyUITests" */;
			buildPhases = (
				3856519729AE2892009C1CFB /* Sources */,
				3856519829AE2892009C1CFB /* Frameworks */,
				3856519929AE2892009C1CFB /* Resources */,
			);
			buildRules = (
			);
			dependencies = (
				3856519D29AE2892009C1CFB /* PBXTargetDependency */,
			);
			name = SwiftStudyUITests;
			productName = SwiftStudyUITests;
			productReference = 3856519B29AE2892009C1CFB /* SwiftStudyUITests.xctest */;
			productType = "com.apple.product-type.bundle.ui-testing";
		};
/* End PBXNativeTarget section */

/* Begin PBXProject section */
		3856517329AE2891009C1CFB /* Project object */ = {
			isa = PBXProject;
			attributes = {
				BuildIndependentTargetsInParallel = 1;
				LastSwiftUpdateCheck = 1410;
				LastUpgradeCheck = 1410;
				TargetAttributes = {
					3856517A29AE2891009C1CFB = {
						CreatedOnToolsVersion = 14.1;
					};
					3856519029AE2892009C1CFB = {
						CreatedOnToolsVersion = 14.1;
						TestTargetID = 3856517A29AE2891009C1CFB;
					};
					3856519A29AE2892009C1CFB = {
						CreatedOnToolsVersion = 14.1;
						TestTargetID = 3856517A29AE2891009C1CFB;
					};
				};
			};
			buildConfigurationList = 3856517629AE2891009C1CFB /* Build configuration list for PBXProject "SwiftStudy" */;
			compatibilityVersion = "Xcode 14.0";
			developmentRegion = en;
			hasScannedForEncodings = 0;
			knownRegions = (
				en,
				Base,
			);
			mainGroup = 3856517229AE2891009C1CFB;
			productRefGroup = 3856517C29AE2891009C1CFB /* Products */;
			projectDirPath = "";
			projectRoot = "";
			targets = (
				3856517A29AE2891009C1CFB /* SwiftStudy */,
				3856519029AE2892009C1CFB /* SwiftStudyTests */,
				3856519A29AE2892009C1CFB /* SwiftStudyUITests */,
			);
		};
/* End PBXProject section */

/* Begin PBXResourcesBuildPhase section */
		3856517929AE2891009C1CFB /* Resources */ = {
			isa = PBXResourcesBuildPhase;
			buildActionMask = 2147483647;
			files = (
				3856518B29AE2892009C1CFB /* LaunchScreen.storyboard in Resources */,
				3856518829AE2892009C1CFB /* Assets.xcassets in Resources */,
				3856518629AE2891009C1CFB /* Main.storyboard in Resources */,
			);
			runOnlyForDeploymentPostprocessing = 0;
		};
		3856518F29AE2892009C1CFB /* Resources */ = {
			isa = PBXResourcesBuildPhase;
			buildActionMask = 2147483647;
			files = (
			);
			runOnlyForDeploymentPostprocessing = 0;
		};
		3856519929AE2892009C1CFB /* Resources */ = {
			isa = PBXResourcesBuildPhase;
			buildActionMask = 2147483647;
			files = (
			);
			runOnlyForDeploymentPostprocessing = 0;
		};
/* End PBXResourcesBuildPhase section */

/* Begin PBXSourcesBuildPhase section */
		3856517729AE2891009C1CFB /* Sources */ = {
			isa = PBXSourcesBuildPhase;
			buildActionMask = 2147483647;
			files = (
				3856518329AE2891009C1CFB /* ViewController.swift in Sources */,
				3856517F29AE2891009C1CFB /* AppDelegate.swift in Sources */,
				3856518129AE2891009C1CFB /* SceneDelegate.swift in Sources */,
			);
			runOnlyForDeploymentPostprocessing = 0;
		};
		3856518D29AE2892009C1CFB /* Sources */ = {
			isa = PBXSourcesBuildPhase;
			buildActionMask = 2147483647;
			files = (
				3856519629AE2892009C1CFB /* SwiftStudyTests.swift in Sources */,
			);
			runOnlyForDeploymentPostprocessing = 0;
		};
		3856519729AE2892009C1CFB /* Sources */ = {
			isa = PBXSourcesBuildPhase;
			buildActionMask = 2147483647;
			files = (
				385651A229AE2892009C1CFB /* SwiftStudyUITestsLaunchTests.swift in Sources */,
				385651A029AE2892009C1CFB /* SwiftStudyUITests.swift in Sources */,
			);
			runOnlyForDeploymentPostprocessing = 0;
		};
/* End PBXSourcesBuildPhase section */

/* Begin PBXTargetDependency section */
		3856519329AE2892009C1CFB /* PBXTargetDependency */ = {
			isa = PBXTargetDependency;
			target = 3856517A29AE2891009C1CFB /* SwiftStudy */;
			targetProxy = 3856519229AE2892009C1CFB /* PBXContainerItemProxy */;
		};
		3856519D29AE2892009C1CFB /* PBXTargetDependency */ = {
			isa = PBXTargetDependency;
			target = 3856517A29AE2891009C1CFB /* SwiftStudy */;
			targetProxy = 3856519C29AE2892009C1CFB /* PBXContainerItemProxy */;
		};
/* End PBXTargetDependency section */

/* Begin PBXVariantGroup section */
		3856518429AE2891009C1CFB /* Main.storyboard */ = {
			isa = PBXVariantGroup;
			children = (
				3856518529AE2891009C1CFB /* Base */,
			);
			name = Main.storyboard;
			sourceTree = "<group>";
		};
		3856518929AE2892009C1CFB /* LaunchScreen.storyboard */ = {
			isa = PBXVariantGroup;
			children = (
				3856518A29AE2892009C1CFB /* Base */,
			);
			name = LaunchScreen.storyboard;
			sourceTree = "<group>";
		};
/* End PBXVariantGroup section */

/* Begin XCBuildConfiguration section */
		385651A329AE2892009C1CFB /* Debug */ = {
			isa = XCBuildConfiguration;
			buildSettings = {
				ALWAYS_SEARCH_USER_PATHS = NO;
				CLANG_ANALYZER_NONNULL = YES;
				CLANG_ANALYZER_NUMBER_OBJECT_CONVERSION = YES_AGGRESSIVE;
				CLANG_CXX_LANGUAGE_STANDARD = "gnu++20";
				CLANG_ENABLE_MODULES = YES;
				CLANG_ENABLE_OBJC_ARC = YES;
				CLANG_ENABLE_OBJC_WEAK = YES;
				CLANG_WARN_BLOCK_CAPTURE_AUTORELEASING = YES;
				CLANG_WARN_BOOL_CONVERSION = YES;
				CLANG_WARN_COMMA = YES;
				CLANG_WARN_CONSTANT_CONVERSION = YES;
				CLANG_WARN_DEPRECATED_OBJC_IMPLEMENTATIONS = YES;
				CLANG_WARN_DIRECT_OBJC_ISA_USAGE = YES_ERROR;
				CLANG_WARN_DOCUMENTATION_COMMENTS = YES;
				CLANG_WARN_EMPTY_BODY = YES;
				CLANG_WARN_ENUM_CONVERSION = YES;
				CLANG_WARN_INFINITE_RECURSION = YES;
				CLANG_WARN_INT_CONVERSION = YES;
				CLANG_WARN_NON_LITERAL_NULL_CONVERSION = YES;
				CLANG_WARN_OBJC_IMPLICIT_RETAIN_SELF = YES;
				CLANG_WARN_OBJC_LITERAL_CONVERSION = YES;
				CLANG_WARN_OBJC_ROOT_CLASS = YES_ERROR;
				CLANG_WARN_QUOTED_INCLUDE_IN_FRAMEWORK_HEADER = YES;
				CLANG_WARN_RANGE_LOOP_ANALYSIS = YES;
				CLANG_WARN_STRICT_PROTOTYPES = YES;
				CLANG_WARN_SUSPICIOUS_MOVE = YES;
				CLANG_WARN_UNGUARDED_AVAILABILITY = YES_AGGRESSIVE;
				CLANG_WARN_UNREACHABLE_CODE = YES;
				CLANG_WARN__DUPLICATE_METHOD_MATCH = YES;
				COPY_PHASE_STRIP = NO;
				DEBUG_INFORMATION_FORMAT = dwarf;
				ENABLE_STRICT_OBJC_MSGSEND = YES;
				ENABLE_TESTABILITY = YES;
				GCC_C_LANGUAGE_STANDARD = gnu11;
				GCC_DYNAMIC_NO_PIC = NO;
				GCC_NO_COMMON_BLOCKS = YES;
				GCC_OPTIMIZATION_LEVEL = 0;
				GCC_PREPROCESSOR_DEFINITIONS = (
					"DEBUG=1",
					"$(inherited)",
				);
				GCC_WARN_64_TO_32_BIT_CONVERSION = YES;
				GCC_WARN_ABOUT_RETURN_TYPE = YES_ERROR;
				GCC_WARN_UNDECLARED_SELECTOR = YES;
				GCC_WARN_UNINITIALIZED_AUTOS = YES_AGGRESSIVE;
				GCC_WARN_UNUSED_FUNCTION = YES;
				GCC_WARN_UNUSED_VARIABLE = YES;
				IPHONEOS_DEPLOYMENT_TARGET = 16.1;
				MTL_ENABLE_DEBUG_INFO = INCLUDE_SOURCE;
				MTL_FAST_MATH = YES;
				ONLY_ACTIVE_ARCH = YES;
				SDKROOT = iphoneos;
				SWIFT_ACTIVE_COMPILATION_CONDITIONS = DEBUG;
				SWIFT_OPTIMIZATION_LEVEL = "-Onone";
			};
			name = Debug;
		};
		385651A429AE2892009C1CFB /* Release */ = {
			isa = XCBuildConfiguration;
			buildSettings = {
				ALWAYS_SEARCH_USER_PATHS = NO;
				CLANG_ANALYZER_NONNULL = YES;
				CLANG_ANALYZER_NUMBER_OBJECT_CONVERSION = YES_AGGRESSIVE;
				CLANG_CXX_LANGUAGE_STANDARD = "gnu++20";
				CLANG_ENABLE_MODULES = YES;
				CLANG_ENABLE_OBJC_ARC = YES;
				CLANG_ENABLE_OBJC_WEAK = YES;
				CLANG_WARN_BLOCK_CAPTURE_AUTORELEASING = YES;
				CLANG_WARN_BOOL_CONVERSION = YES;
				CLANG_WARN_COMMA = YES;
				CLANG_WARN_CONSTANT_CONVERSION = YES;
				CLANG_WARN_DEPRECATED_OBJC_IMPLEMENTATIONS = YES;
				CLANG_WARN_DIRECT_OBJC_ISA_USAGE = YES_ERROR;
				CLANG_WARN_DOCUMENTATION_COMMENTS = YES;
				CLANG_WARN_EMPTY_BODY = YES;
				CLANG_WARN_ENUM_CONVERSION = YES;
				CLANG_WARN_INFINITE_RECURSION = YES;
				CLANG_WARN_INT_CONVERSION = YES;
				CLANG_WARN_NON_LITERAL_NULL_CONVERSION = YES;
				CLANG_WARN_OBJC_IMPLICIT_RETAIN_SELF = YES;
				CLANG_WARN_OBJC_LITERAL_CONVERSION = YES;
				CLANG_WARN_OBJC_ROOT_CLASS = YES_ERROR;
				CLANG_WARN_QUOTED_INCLUDE_IN_FRAMEWORK_HEADER = YES;
				CLANG_WARN_RANGE_LOOP_ANALYSIS = YES;
				CLANG_WARN_STRICT_PROTOTYPES = YES;
				CLANG_WARN_SUSPICIOUS_MOVE = YES;
				CLANG_WARN_UNGUARDED_AVAILABILITY = YES_AGGRESSIVE;
				CLANG_WARN_UNREACHABLE_CODE = YES;
				CLANG_WARN__DUPLICATE_METHOD_MATCH = YES;
				COPY_PHASE_STRIP = NO;
				DEBUG_INFORMATION_FORMAT = "dwarf-with-dsym";
				ENABLE_NS_ASSERTIONS = NO;
				ENABLE_STRICT_OBJC_MSGSEND = YES;
				GCC_C_LANGUAGE_STANDARD = gnu11;
				GCC_NO_COMMON_BLOCKS = YES;
				GCC_WARN_64_TO_32_BIT_CONVERSION = YES;
				GCC_WARN_ABOUT_RETURN_TYPE = YES_ERROR;
				GCC_WARN_UNDECLARED_SELECTOR = YES;
				GCC_WARN_UNINITIALIZED_AUTOS = YES_AGGRESSIVE;
				GCC_WARN_UNUSED_FUNCTION = YES;
				GCC_WARN_UNUSED_VARIABLE = YES;
				IPHONEOS_DEPLOYMENT_TARGET = 16.1;
				MTL_ENABLE_DEBUG_INFO = NO;
				MTL_FAST_MATH = YES;
				SDKROOT = iphoneos;
				SWIFT_COMPILATION_MODE = wholemodule;
				SWIFT_OPTIMIZATION_LEVEL = "-O";
				VALIDATE_PRODUCT = YES;
			};
			name = Release;
		};
		385651A629AE2892009C1CFB /* Debug */ = {
			isa = XCBuildConfiguration;
			buildSettings = {
				ASSETCATALOG_COMPILER_APPICON_NAME = AppIcon;
				ASSETCATALOG_COMPILER_GLOBAL_ACCENT_COLOR_NAME = AccentColor;
				CODE_SIGN_STYLE = Automatic;
				CURRENT_PROJECT_VERSION = 1;
				DEVELOPMENT_TEAM = JH5QRQ7596;
				GENERATE_INFOPLIST_FILE = YES;
				INFOPLIST_FILE = SwiftStudy/Info.plist;
				INFOPLIST_KEY_UIApplicationSupportsIndirectInputEvents = YES;
				INFOPLIST_KEY_UILaunchStoryboardName = LaunchScreen;
				INFOPLIST_KEY_UIMainStoryboardFile = Main;
				INFOPLIST_KEY_UISupportedInterfaceOrientations_iPad = "UIInterfaceOrientationPortrait UIInterfaceOrientationPortraitUpsideDown UIInterfaceOrientationLandscapeLeft UIInterfaceOrientationLandscapeRight";
				INFOPLIST_KEY_UISupportedInterfaceOrientations_iPhone = "UIInterfaceOrientationPortrait UIInterfaceOrientationLandscapeLeft UIInterfaceOrientationLandscapeRight";
				LD_RUNPATH_SEARCH_PATHS = (
					"$(inherited)",
					"@executable_path/Frameworks",
				);
				MARKETING_VERSION = 1.0;
				PRODUCT_BUNDLE_IDENTIFIER = com.github.jim112o.SwiftStudy;
				PRODUCT_NAME = "$(TARGET_NAME)";
				SWIFT_EMIT_LOC_STRINGS = YES;
				SWIFT_VERSION = 5.0;
				TARGETED_DEVICE_FAMILY = "1,2";
			};
			name = Debug;
		};
		385651A729AE2892009C1CFB /* Release */ = {
			isa = XCBuildConfiguration;
			buildSettings = {
				ASSETCATALOG_COMPILER_APPICON_NAME = AppIcon;
				ASSETCATALOG_COMPILER_GLOBAL_ACCENT_COLOR_NAME = AccentColor;
				CODE_SIGN_STYLE = Automatic;
				CURRENT_PROJECT_VERSION = 1;
				DEVELOPMENT_TEAM = JH5QRQ7596;
				GENERATE_INFOPLIST_FILE = YES;
				INFOPLIST_FILE = SwiftStudy/Info.plist;
				INFOPLIST_KEY_UIApplicationSupportsIndirectInputEvents = YES;
				INFOPLIST_KEY_UILaunchStoryboardName = LaunchScreen;
				INFOPLIST_KEY_UIMainStoryboardFile = Main;
				INFOPLIST_KEY_UISupportedInterfaceOrientations_iPad = "UIInterfaceOrientationPortrait UIInterfaceOrientationPortraitUpsideDown UIInterfaceOrientationLandscapeLeft UIInterfaceOrientationLandscapeRight";
				INFOPLIST_KEY_UISupportedInterfaceOrientations_iPhone = "UIInterfaceOrientationPortrait UIInterfaceOrientationLandscapeLeft UIInterfaceOrientationLandscapeRight";
				LD_RUNPATH_SEARCH_PATHS = (
					"$(inherited)",
					"@executable_path/Frameworks",
				);
				MARKETING_VERSION = 1.0;
				PRODUCT_BUNDLE_IDENTIFIER = com.github.jim112o.SwiftStudy;
				PRODUCT_NAME = "$(TARGET_NAME)";
				SWIFT_EMIT_LOC_STRINGS = YES;
				SWIFT_VERSION = 5.0;
				TARGETED_DEVICE_FAMILY = "1,2";
			};
			name = Release;
		};
		385651A929AE2892009C1CFB /* Debug */ = {
			isa = XCBuildConfiguration;
			buildSettings = {
				ALWAYS_EMBED_SWIFT_STANDARD_LIBRARIES = YES;
				BUNDLE_LOADER = "$(TEST_HOST)";
				CODE_SIGN_STYLE = Automatic;
				CURRENT_PROJECT_VERSION = 1;
				DEVELOPMENT_TEAM = JH5QRQ7596;
				GENERATE_INFOPLIST_FILE = YES;
				IPHONEOS_DEPLOYMENT_TARGET = 16.1;
				MARKETING_VERSION = 1.0;
				PRODUCT_BUNDLE_IDENTIFIER = com.github.jim112o.SwiftStudyTests;
				PRODUCT_NAME = "$(TARGET_NAME)";
				SWIFT_EMIT_LOC_STRINGS = NO;
				SWIFT_VERSION = 5.0;
				TARGETED_DEVICE_FAMILY = "1,2";
				TEST_HOST = "$(BUILT_PRODUCTS_DIR)/SwiftStudy.app/$(BUNDLE_EXECUTABLE_FOLDER_PATH)/SwiftStudy";
			};
			name = Debug;
		};
		385651AA29AE2892009C1CFB /* Release */ = {
			isa = XCBuildConfiguration;
			buildSettings = {
				ALWAYS_EMBED_SWIFT_STANDARD_LIBRARIES = YES;
				BUNDLE_LOADER = "$(TEST_HOST)";
				CODE_SIGN_STYLE = Automatic;
				CURRENT_PROJECT_VERSION = 1;
				DEVELOPMENT_TEAM = JH5QRQ7596;
				GENERATE_INFOPLIST_FILE = YES;
				IPHONEOS_DEPLOYMENT_TARGET = 16.1;
				MARKETING_VERSION = 1.0;
				PRODUCT_BUNDLE_IDENTIFIER = com.github.jim112o.SwiftStudyTests;
				PRODUCT_NAME = "$(TARGET_NAME)";
				SWIFT_EMIT_LOC_STRINGS = NO;
				SWIFT_VERSION = 5.0;
				TARGETED_DEVICE_FAMILY = "1,2";
				TEST_HOST = "$(BUILT_PRODUCTS_DIR)/SwiftStudy.app/$(BUNDLE_EXECUTABLE_FOLDER_PATH)/SwiftStudy";
			};
			name = Release;
		};
		385651AC29AE2892009C1CFB /* Debug */ = {
			isa = XCBuildConfiguration;
			buildSettings = {
				ALWAYS_EMBED_SWIFT_STANDARD_LIBRARIES = YES;
				CODE_SIGN_STYLE = Automatic;
				CURRENT_PROJECT_VERSION = 1;
				DEVELOPMENT_TEAM = JH5QRQ7596;
				GENERATE_INFOPLIST_FILE = YES;
				MARKETING_VERSION = 1.0;
				PRODUCT_BUNDLE_IDENTIFIER = com.github.jim112o.SwiftStudyUITests;
				PRODUCT_NAME = "$(TARGET_NAME)";
				SWIFT_EMIT_LOC_STRINGS = NO;
				SWIFT_VERSION = 5.0;
				TARGETED_DEVICE_FAMILY = "1,2";
				TEST_TARGET_NAME = SwiftStudy;
			};
			name = Debug;
		};
		385651AD29AE2892009C1CFB /* Release */ = {
			isa = XCBuildConfiguration;
			buildSettings = {
				ALWAYS_EMBED_SWIFT_STANDARD_LIBRARIES = YES;
				CODE_SIGN_STYLE = Automatic;
				CURRENT_PROJECT_VERSION = 1;
				DEVELOPMENT_TEAM = JH5QRQ7596;
				GENERATE_INFOPLIST_FILE = YES;
				MARKETING_VERSION = 1.0;
				PRODUCT_BUNDLE_IDENTIFIER = com.github.jim112o.SwiftStudyUITests;
				PRODUCT_NAME = "$(TARGET_NAME)";
				SWIFT_EMIT_LOC_STRINGS = NO;
				SWIFT_VERSION = 5.0;
				TARGETED_DEVICE_FAMILY = "1,2";
				TEST_TARGET_NAME = SwiftStudy;
			};
			name = Release;
		};
/* End XCBuildConfiguration section */

/* Begin XCConfigurationList section */
		3856517629AE2891009C1CFB /* Build configuration list for PBXProject "SwiftStudy" */ = {
			isa = XCConfigurationList;
			buildConfigurations = (
				385651A329AE2892009C1CFB /* Debug */,
				385651A429AE2892009C1CFB /* Release */,
			);
			defaultConfigurationIsVisible = 0;
			defaultConfigurationName = Release;
		};
		385651A529AE2892009C1CFB /* Build configuration list for PBXNativeTarget "SwiftStudy" */ = {
			isa = XCConfigurationList;
			buildConfigurations = (
				385651A629AE2892009C1CFB /* Debug */,
				385651A729AE2892009C1CFB /* Release */,
			);
			defaultConfigurationIsVisible = 0;
			defaultConfigurationName = Release;
		};
		385651A829AE2892009C1CFB /* Build configuration list for PBXNativeTarget "SwiftStudyTests" */ = {
			isa = XCConfigurationList;
			buildConfigurations = (
				385651A929AE2892009C1CFB /* Debug */,
				385651AA29AE2892009C1CFB /* Release */,
			);
			defaultConfigurationIsVisible = 0;
			defaultConfigurationName = Release;
		};
		385651AB29AE2892009C1CFB /* Build configuration list for PBXNativeTarget "SwiftStudyUITests" */ = {
			isa = XCConfigurationList;
			buildConfigurations = (
				385651AC29AE2892009C1CFB /* Debug */,
				385651AD29AE2892009C1CFB /* Release */,
			);
			defaultConfigurationIsVisible = 0;
			defaultConfigurationName = Release;
		};
/* End XCConfigurationList section */
	};
	rootObject = 3856517329AE2891009C1CFB /* Project object */;
}
